
Microsoft Visual Studio Solution File, Format Version 12.00
# Visual Studio Version 16
VisualStudioVersion = 16.0.30503.244
MinimumVisualStudioVersion = 10.0.40219.1
Project("{FAE04EC0-301F-11D3-BF4B-00C04F79EFBC}") = "BST_DS", "BST_DS\BST_DS.csproj", "{C046359A-8388-4C93-BBC3-CB88125295B6}"
EndProject
Global
	GlobalSection(SolutionConfigurationPlatforms) = preSolution
		Debug|Any CPU = Debug|Any CPU
		Release|Any CPU = Release|Any CPU
	EndGlobalSection
	GlobalSection(ProjectConfigurationPlatforms) = postSolution
		{C046359A-8388-4C93-BBC3-CB88125295B6}.Debug|Any CPU.ActiveCfg = Debug|Any CPU
		{C046359A-8388-4C93-BBC3-CB88125295B6}.Debug|Any CPU.Build.0 = Debug|Any CPU
		{C046359A-8388-4C93-BBC3-CB88125295B6}.Release|Any CPU.ActiveCfg = Release|Any CPU
		{C046359A-8388-4C93-BBC3-CB88125295B6}.Release|Any CPU.Build.0 = Release|Any CPU
	EndGlobalSection
	GlobalSection(SolutionProperties) = preSolution
		HideSolutionNode = FALSE
	EndGlobalSection
	GlobalSection(ExtensibilityGlobals) = postSolution
		SolutionGuid = {79507B33-14C1-4A36-B19E-A4DA34651DF4}
	EndGlobalSection
EndGlobal
